<?xml version="1.0" encoding="utf-8"?>
<Project ToolsVersion="4.0" xmlns="http://schemas.microsoft.com/developer/msbuild/2003">
  <ItemGroup>
    <ClCompile Include="oss_config.c">
      <Filter>Source Files</Filter>
    </ClCompile>
    <ClCompile Include="oss_append_object_sample.c">
      <Filter>Source Files</Filter>
    </ClCompile>
    <ClCompile Include="oss_delete_object_sample.c">
      <Filter>Source Files</Filter>
    </ClCompile>
    <ClCompile Include="oss_get_object_sample.c">
      <Filter>Source Files</Filter>
    </ClCompile>
    <ClCompile Include="oss_head_object_sample.c">
      <Filter>Source Files</Filter>
    </ClCompile>
    <ClCompile Include="oss_multipart_upload_sample.c">
      <Filter>Source Files</Filter>
    </ClCompile>
    <ClCompile Include="oss_put_object_sample.c">
      <Filter>Source Files</Filter>
    </ClCompile>
    <ClCompile Include="oss_sample_util.c">
      <Filter>Source Files</Filter>
    </ClCompile>
    <ClCompile Include="main.c">
      <Filter>Source Files</Filter>
    </ClCompile>
  </ItemGroup>
  <ItemGroup>
    <Filter Include="Header Files">
      <UniqueIdentifier>{5720f52b-a124-4c43-9771-07b8e3fa155a}</UniqueIdentifier>
    </Filter>
    <Filter Include="Source Files">
      <UniqueIdentifier>{d9d7684d-21bf-4302-882b-754aaf731d62}</UniqueIdentifier>
    </Filter>
  </ItemGroup>
  <ItemGroup>
    <ClInclude Include="oss_config.h">
      <Filter>Header Files</Filter>
    </ClInclude>
    <ClInclude Include="oss_sample_util.h">
      <Filter>Header Files</Filter>
    </ClInclude>
  </ItemGroup>
</Project>